schema: '2.0'
stages:
  extract_attachments:
    cmd: python src/attachment_parser.py
    deps:
    - path: data/raw/Form ADT-1-29092023_signed.pdf
      hash: md5
      md5: 1e562e319bbace5b19b9d56f700b07f3
      size: 1941293
    - path: src/attachment_parser.py
      hash: md5
      md5: a316483227b0b84c4eeab904e6a0c4ee
      size: 2798
    outs:
    - path: data/attachments/
      hash: md5
      md5: 6a9f07a546ca1e99b031a254a391a762.dir
      size: 1540809
      nfiles: 4
  extract_main_data:
    cmd: python src/extractor.py
    deps:
    - path: data/raw/Form ADT-1-29092023_signed.pdf
      hash: md5
      md5: 1e562e319bbace5b19b9d56f700b07f3
      size: 1941293
    - path: src/extractor.py
      hash: md5
      md5: 4792a72d3dfcb07bb3880f07bb5eea63
      size: 5198
    outs:
    - path: data/processed/output.json
      hash: md5
      md5: a9cdb7610a4d045cab3b85869a5cbc6e
      size: 740
  summary_main_data:
    cmd: python src/summary_generator.py
    deps:
    - path: data/processed/output.json
      hash: md5
      md5: a9cdb7610a4d045cab3b85869a5cbc6e
      size: 740
    - path: src/summary_generator.py
      hash: md5
      md5: 0e69f2e97b4f087384b7762b974363e1
      size: 4507
    outs:
    - path: reports/summary.txt
      hash: md5
      md5: 3bedc29ab8534c109350fa3e79eaaf43
      size: 573
  summary_attachments:
    cmd: python src/attachment_files_summary.py
    deps:
    - path: data/attachments/
      hash: md5
      md5: 6a9f07a546ca1e99b031a254a391a762.dir
      size: 1540809
      nfiles: 4
    - path: src/attachment_files_summary.py
      hash: md5
      md5: 0d18a2bd6673faad9f20f6a394809838
      size: 5680
    outs:
    - path: reports/attachment_file_summary.md
      hash: md5
      md5: edb01059a29172f5d0f8ad2363a0a363
      size: 5706
